<Solution>
  <Configurations>
    <BuildType Name="Debug 2019" />
    <BuildType Name="Debug 2020" />
    <BuildType Name="Debug 2021" />
    <BuildType Name="Debug 2022" />
    <BuildType Name="Debug 2023" />
    <BuildType Name="Debug 2024" />
    <BuildType Name="Debug 2025" />
    <BuildType Name="Debug 2026" />
    <BuildType Name="Debug 2027" />
    <BuildType Name="Release 2019" />
    <BuildType Name="Release 2020" />
    <BuildType Name="Release 2021" />
    <BuildType Name="Release 2022" />
    <BuildType Name="Release 2023" />
    <BuildType Name="Release 2024" />
    <BuildType Name="Release 2025" />
    <BuildType Name="Release 2026" />
    <BuildType Name="Release 2027" />
    <Platform Name="Any CPU" />
    <Platform Name="x64" />
  </Configurations>
  <Folder Name="/Solution Items/">
    <File Path=".gitignore" />
    <File Path="README.md" />
  </Folder>
  <Project Path="build/_build.csproj">
    <BuildType Solution="Debug 2019|*" Project="Debug" />
    <BuildType Solution="Debug 2020|*" Project="Debug" />
    <BuildType Solution="Debug 2021|*" Project="Debug" />
    <BuildType Solution="Debug 2022|*" Project="Debug" />
    <BuildType Solution="Debug 2023|*" Project="Debug" />
    <BuildType Solution="Debug 2024|*" Project="Debug" />
    <BuildType Solution="Debug 2025|*" Project="Debug" />
    <BuildType Solution="Debug 2026|*" Project="Debug" />
    <BuildType Solution="Debug 2027|*" Project="Debug" />
    <BuildType Solution="Release 2019|*" Project="Release" />
    <BuildType Solution="Release 2020|*" Project="Release" />
    <BuildType Solution="Release 2021|*" Project="Release" />
    <BuildType Solution="Release 2022|*" Project="Release" />
    <BuildType Solution="Release 2023|*" Project="Release" />
    <BuildType Solution="Release 2024|*" Project="Release" />
    <BuildType Solution="Release 2025|*" Project="Release" />
    <BuildType Solution="Release 2026|*" Project="Release" />
    <BuildType Solution="Release 2027|*" Project="Release" />
    <Build Solution="*|x64" Project="false" />
    <Build Solution="Debug 2020|Any CPU" Project="false" />
    <Build Solution="Debug 2021|Any CPU" Project="false" />
    <Build Solution="Debug 2022|Any CPU" Project="false" />
    <Build Solution="Debug 2023|Any CPU" Project="false" />
    <Build Solution="Debug 2024|Any CPU" Project="false" />
    <Build Solution="Debug 2025|Any CPU" Project="false" />
    <Build Solution="Debug 2026|Any CPU" Project="false" />
    <Build Solution="Release 2019|Any CPU" Project="false" />
    <Build Solution="Release 2020|Any CPU" Project="false" />
    <Build Solution="Release 2021|Any CPU" Project="false" />
    <Build Solution="Release 2022|Any CPU" Project="false" />
    <Build Solution="Release 2023|Any CPU" Project="false" />
    <Build Solution="Release 2024|Any CPU" Project="false" />
    <Build Solution="Release 2025|Any CPU" Project="false" />
    <Build Solution="Release 2026|Any CPU" Project="false" />
  </Project>
  <Project Path="ExportSchedule/ExportSchedule.csproj">
    <BuildType Solution="Debug 2019|*" Project="Debug R19" />
    <BuildType Solution="Debug 2020|Any CPU" Project="Debug R19" />
    <BuildType Solution="Debug 2020|x64" Project="Debug R20" />
    <BuildType Solution="Debug 2021|*" Project="Debug R21" />
    <BuildType Solution="Debug 2022|*" Project="Debug R22" />
    <BuildType Solution="Debug 2023|*" Project="Debug R23" />
    <BuildType Solution="Debug 2024|*" Project="Debug R24" />
    <BuildType Solution="Debug 2025|*" Project="Debug R25" />
    <BuildType Solution="Debug 2026|Any CPU" Project="Debug R26" />
    <BuildType Solution="Debug 2026|x64" Project="Debug R25" />
    <BuildType Solution="Debug 2027|Any CPU" Project="Debug R27" />
    <BuildType Solution="Release 2019|*" Project="Release R19" />
    <BuildType Solution="Release 2020|*" Project="Release R20" />
    <BuildType Solution="Release 2021|*" Project="Release R21" />
    <BuildType Solution="Release 2022|*" Project="Release R22" />
    <BuildType Solution="Release 2023|*" Project="Release R23" />
    <BuildType Solution="Release 2024|*" Project="Release R24" />
    <BuildType Solution="Release 2025|*" Project="Release R25" />
    <BuildType Solution="Release 2026|Any CPU" Project="Release R26" />
    <BuildType Solution="Release 2026|x64" Project="Release R25" />
    <BuildType Solution="Release 2027|Any CPU" Project="Release R27" />
  </Project>
</Solution>
