
Microsoft Visual Studio Solution File, Format Version 12.00
# Visual Studio Version 17
VisualStudioVersion = 17.1.32210.238
MinimumVisualStudioVersion = 10.0.40219.1
Project("{2150E333-8FDC-42A3-9474-1A3956D46DE8}") = "Solution Items", "Solution Items", "{49481FD9-8BC8-463B-AA0E-FE03582C461C}"
	ProjectSection(SolutionItems) = preProject
		.gitignore = .gitignore
		README.md = README.md
	EndProjectSection
EndProject
Project("{9A19103F-16F7-4668-BE54-9A1E7A4F7556}") = "ExportSchedule", "ExportSchedule\ExportSchedule.csproj", "{82E9F379-733E-4305-9B19-9C572C4D95D2}"
EndProject
Global
	GlobalSection(SolutionConfigurationPlatforms) = preSolution
		Debug 2019|x64 = Debug 2019|x64
		Debug 2020|x64 = Debug 2020|x64
		Debug 2021|x64 = Debug 2021|x64
		Debug 2022|x64 = Debug 2022|x64
		Debug 2023|x64 = Debug 2023|x64
		Debug 2024|x64 = Debug 2024|x64
		Release 2019|x64 = Release 2019|x64
		Release 2020|x64 = Release 2020|x64
		Release 2021|x64 = Release 2021|x64
		Release 2022|x64 = Release 2022|x64
		Release 2023|x64 = Release 2023|x64
		Release 2024|x64 = Release 2024|x64
	EndGlobalSection
	GlobalSection(ProjectConfigurationPlatforms) = postSolution
		{82E9F379-733E-4305-9B19-9C572C4D95D2}.Debug 2019|x64.ActiveCfg = Debug R19|x64
		{82E9F379-733E-4305-9B19-9C572C4D95D2}.Debug 2019|x64.Build.0 = Debug R19|x64
		{82E9F379-733E-4305-9B19-9C572C4D95D2}.Debug 2020|x64.ActiveCfg = Debug R20|x64
		{82E9F379-733E-4305-9B19-9C572C4D95D2}.Debug 2020|x64.Build.0 = Debug R20|x64
		{82E9F379-733E-4305-9B19-9C572C4D95D2}.Debug 2021|x64.ActiveCfg = Debug R21|x64
		{82E9F379-733E-4305-9B19-9C572C4D95D2}.Debug 2021|x64.Build.0 = Debug R21|x64
		{82E9F379-733E-4305-9B19-9C572C4D95D2}.Debug 2022|x64.ActiveCfg = Debug R22|x64
		{82E9F379-733E-4305-9B19-9C572C4D95D2}.Debug 2022|x64.Build.0 = Debug R22|x64
		{82E9F379-733E-4305-9B19-9C572C4D95D2}.Debug 2023|x64.ActiveCfg = Debug R23|x64
		{82E9F379-733E-4305-9B19-9C572C4D95D2}.Debug 2023|x64.Build.0 = Debug R23|x64
		{82E9F379-733E-4305-9B19-9C572C4D95D2}.Debug 2024|x64.ActiveCfg = Debug R24|x64
		{82E9F379-733E-4305-9B19-9C572C4D95D2}.Debug 2024|x64.Build.0 = Debug R24|x64
		{82E9F379-733E-4305-9B19-9C572C4D95D2}.Release 2019|x64.ActiveCfg = Release R19|x64
		{82E9F379-733E-4305-9B19-9C572C4D95D2}.Release 2019|x64.Build.0 = Release R19|x64
		{82E9F379-733E-4305-9B19-9C572C4D95D2}.Release 2020|x64.ActiveCfg = Release R20|x64
		{82E9F379-733E-4305-9B19-9C572C4D95D2}.Release 2020|x64.Build.0 = Release R20|x64
		{82E9F379-733E-4305-9B19-9C572C4D95D2}.Release 2021|x64.ActiveCfg = Release R21|x64
		{82E9F379-733E-4305-9B19-9C572C4D95D2}.Release 2021|x64.Build.0 = Release R21|x64
		{82E9F379-733E-4305-9B19-9C572C4D95D2}.Release 2022|x64.ActiveCfg = Release R22|x64
		{82E9F379-733E-4305-9B19-9C572C4D95D2}.Release 2022|x64.Build.0 = Release R22|x64
		{82E9F379-733E-4305-9B19-9C572C4D95D2}.Release 2023|x64.ActiveCfg = Release R23|x64
		{82E9F379-733E-4305-9B19-9C572C4D95D2}.Release 2023|x64.Build.0 = Release R23|x64
		{82E9F379-733E-4305-9B19-9C572C4D95D2}.Release 2024|x64.ActiveCfg = Release R24|x64
		{82E9F379-733E-4305-9B19-9C572C4D95D2}.Release 2024|x64.Build.0 = Release R24|x64
	EndGlobalSection
	GlobalSection(SolutionProperties) = preSolution
		HideSolutionNode = FALSE
	EndGlobalSection
	GlobalSection(ExtensibilityGlobals) = postSolution
		SolutionGuid = {5EC95639-8D94-41CC-A86B-ECC49522CB12}
	EndGlobalSection
EndGlobal
